
Microsoft Visual Studio Solution File, Format Version 12.00
# Visual Studio Version 17
VisualStudioVersion = 17.2.32519.379
MinimumVisualStudioVersion = 10.0.40219.1
Project("{2150E333-8FDC-42A3-9474-1A3956D46DE8}") = "MongoDb", "MongoDb", "{54413B4F-14BB-49ED-B6DB-F8F6A23E7D57}"
EndProject
Project("{9A19103F-16F7-4668-BE54-9A1E7A4F7556}") = "Mongo.Service", "Mongo.Service\Mongo.Service.csproj", "{A08A102E-0246-4EE7-9B76-AE6A5122D9ED}"
EndProject
Global
	GlobalSection(SolutionConfigurationPlatforms) = preSolution
		Debug|Any CPU = Debug|Any CPU
		Release|Any CPU = Release|Any CPU
	EndGlobalSection
	GlobalSection(ProjectConfigurationPlatforms) = postSolution
		{A08A102E-0246-4EE7-9B76-AE6A5122D9ED}.Debug|Any CPU.ActiveCfg = Debug|Any CPU
		{A08A102E-0246-4EE7-9B76-AE6A5122D9ED}.Debug|Any CPU.Build.0 = Debug|Any CPU
		{A08A102E-0246-4EE7-9B76-AE6A5122D9ED}.Release|Any CPU.ActiveCfg = Release|Any CPU
		{A08A102E-0246-4EE7-9B76-AE6A5122D9ED}.Release|Any CPU.Build.0 = Release|Any CPU
	EndGlobalSection
	GlobalSection(SolutionProperties) = preSolution
		HideSolutionNode = FALSE
	EndGlobalSection
	GlobalSection(NestedProjects) = preSolution
		{A08A102E-0246-4EE7-9B76-AE6A5122D9ED} = {54413B4F-14BB-49ED-B6DB-F8F6A23E7D57}
	EndGlobalSection
	GlobalSection(ExtensibilityGlobals) = postSolution
		SolutionGuid = {CD5038D7-DA56-4E56-85C5-8B54700B93EF}
	EndGlobalSection
EndGlobal
